
Microsoft Visual Studio Solution File, Format Version 12.00
# Visual Studio Version 17
VisualStudioVersion = 17.0.31903.59
MinimumVisualStudioVersion = 10.0.40219.1
Project("{9A19103F-16F7-4668-BE54-9A1E7A4F7556}") = "App", "App\App.csproj", "{7C5A5EE4-E486-4EE5-9207-DBF75F60F41E}"
EndProject
Global
	GlobalSection(SolutionConfigurationPlatforms) = preSolution
		Debug|Any CPU = Debug|Any CPU
		Release|Any CPU = Release|Any CPU
	EndGlobalSection
	GlobalSection(ProjectConfigurationPlatforms) = postSolution
		{7C5A5EE4-E486-4EE5-9207-DBF75F60F41E}.Debug|Any CPU.ActiveCfg = Debug|Any CPU
		{7C5A5EE4-E486-4EE5-9207-DBF75F60F41E}.Debug|Any CPU.Build.0 = Debug|Any CPU
		{7C5A5EE4-E486-4EE5-9207-DBF75F60F41E}.Release|Any CPU.ActiveCfg = Release|Any CPU
		{7C5A5EE4-E486-4EE5-9207-DBF75F60F41E}.Release|Any CPU.Build.0 = Release|Any CPU
	EndGlobalSection
	GlobalSection(SolutionProperties) = preSolution
		HideSolutionNode = FALSE
	EndGlobalSection
	GlobalSection(ExtensibilityGlobals) = postSolution
		SolutionGuid = {1E65F15C-62E0-40EA-BFB0-C222F3B9A3B1}
	EndGlobalSection
EndGlobal
